
Microsoft Visual Studio Solution File, Format Version 12.00
# Visual Studio 14
VisualStudioVersion = 14.0.25420.1
MinimumVisualStudioVersion = 10.0.40219.1
Project("{FAE04EC0-301F-11D3-BF4B-00C04F79EFBC}") = "TicTacTechDataCollector", "TicTacTechDataCollector\TicTacTechDataCollector.csproj", "{8F17226C-481D-4DA8-A02B-E8AB670CDD24}"
EndProject
Project("{FAE04EC0-301F-11D3-BF4B-00C04F79EFBC}") = "TicTacTechStats", "TicTacTechStats\TicTacTechStats.csproj", "{14D784EF-34B3-43EF-A27E-E32E432765F6}"
EndProject
Project("{00D1A9C2-B5F0-4AF3-8072-F6C62B433612}") = "TicTacTechStats.DB", "TicTacTechStats.DB\TicTacTechStats.DB.sqlproj", "{0623060C-E2C9-4CD0-98EA-A90A51CECE8A}"
EndProject
Global
	GlobalSection(SolutionConfigurationPlatforms) = preSolution
		Debug|Any CPU = Debug|Any CPU
		Release|Any CPU = Release|Any CPU
	EndGlobalSection
	GlobalSection(ProjectConfigurationPlatforms) = postSolution
		{8F17226C-481D-4DA8-A02B-E8AB670CDD24}.Debug|Any CPU.ActiveCfg = Debug|Any CPU
		{8F17226C-481D-4DA8-A02B-E8AB670CDD24}.Debug|Any CPU.Build.0 = Debug|Any CPU
		{8F17226C-481D-4DA8-A02B-E8AB670CDD24}.Release|Any CPU.ActiveCfg = Release|Any CPU
		{8F17226C-481D-4DA8-A02B-E8AB670CDD24}.Release|Any CPU.Build.0 = Release|Any CPU
		{14D784EF-34B3-43EF-A27E-E32E432765F6}.Debug|Any CPU.ActiveCfg = Debug|Any CPU
		{14D784EF-34B3-43EF-A27E-E32E432765F6}.Debug|Any CPU.Build.0 = Debug|Any CPU
		{14D784EF-34B3-43EF-A27E-E32E432765F6}.Release|Any CPU.ActiveCfg = Release|Any CPU
		{14D784EF-34B3-43EF-A27E-E32E432765F6}.Release|Any CPU.Build.0 = Release|Any CPU
		{0623060C-E2C9-4CD0-98EA-A90A51CECE8A}.Debug|Any CPU.ActiveCfg = Debug|Any CPU
		{0623060C-E2C9-4CD0-98EA-A90A51CECE8A}.Debug|Any CPU.Build.0 = Debug|Any CPU
		{0623060C-E2C9-4CD0-98EA-A90A51CECE8A}.Debug|Any CPU.Deploy.0 = Debug|Any CPU
		{0623060C-E2C9-4CD0-98EA-A90A51CECE8A}.Release|Any CPU.ActiveCfg = Release|Any CPU
		{0623060C-E2C9-4CD0-98EA-A90A51CECE8A}.Release|Any CPU.Build.0 = Release|Any CPU
		{0623060C-E2C9-4CD0-98EA-A90A51CECE8A}.Release|Any CPU.Deploy.0 = Release|Any CPU
	EndGlobalSection
	GlobalSection(SolutionProperties) = preSolution
		HideSolutionNode = FALSE
	EndGlobalSection
EndGlobal
